
Microsoft Visual Studio Solution File, Format Version 12.00
# Visual Studio 2013
VisualStudioVersion = 12.0.30723.0
MinimumVisualStudioVersion = 10.0.40219.1
Project("{070BCB52-5A75-4F8C-A973-144AF0EAFCC9}") = "bond-app", "bond-app\bond-app.iceproj", "{C8F413FE-0214-42A0-B7CC-C80A7CCD599D}"
EndProject
Global
	GlobalSection(SolutionConfigurationPlatforms) = preSolution
		Debug|Any CPU = Debug|Any CPU
		Release|Any CPU = Release|Any CPU
	EndGlobalSection
	GlobalSection(ProjectConfigurationPlatforms) = postSolution
		{C8F413FE-0214-42A0-B7CC-C80A7CCD599D}.Debug|Any CPU.ActiveCfg = Debug|Any CPU
		{C8F413FE-0214-42A0-B7CC-C80A7CCD599D}.Debug|Any CPU.Build.0 = Debug|Any CPU
		{C8F413FE-0214-42A0-B7CC-C80A7CCD599D}.Release|Any CPU.ActiveCfg = Release|Any CPU
		{C8F413FE-0214-42A0-B7CC-C80A7CCD599D}.Release|Any CPU.Build.0 = Release|Any CPU
	EndGlobalSection
	GlobalSection(SolutionProperties) = preSolution
		HideSolutionNode = FALSE
	EndGlobalSection
EndGlobal
